
Microsoft Visual Studio Solution File, Format Version 12.00
Project("{FAE04EC0-301F-11D3-BF4B-00C04F79EFBC}") = "CalculatorConsoleApp", "CalculatorConsoleApp\CalculatorConsoleApp.csproj", "{0B58F29B-61D2-406C-843F-BBC41ACBA565}"
EndProject
Global
	GlobalSection(SolutionConfigurationPlatforms) = preSolution
		Debug|Any CPU = Debug|Any CPU
		Release|Any CPU = Release|Any CPU
	EndGlobalSection
	GlobalSection(ProjectConfigurationPlatforms) = postSolution
		{0B58F29B-61D2-406C-843F-BBC41ACBA565}.Debug|Any CPU.ActiveCfg = Debug|Any CPU
		{0B58F29B-61D2-406C-843F-BBC41ACBA565}.Debug|Any CPU.Build.0 = Debug|Any CPU
		{0B58F29B-61D2-406C-843F-BBC41ACBA565}.Release|Any CPU.ActiveCfg = Release|Any CPU
		{0B58F29B-61D2-406C-843F-BBC41ACBA565}.Release|Any CPU.Build.0 = Release|Any CPU
	EndGlobalSection
EndGlobal
